<?xml version="1.0" encoding="utf-8"?>
<Project ToolsVersion="4.0" xmlns="http://schemas.microsoft.com/developer/msbuild/2003">
  <ItemGroup>
    <Filter Include="win32">
      <UniqueIdentifier>{84a8ebd7-7cf0-47f6-b75e-d441df67da40}</UniqueIdentifier>
    </Filter>
    <Filter Include="resource">
      <UniqueIdentifier>{715254bc-d70b-4ec5-bf29-467dd3ace079}</UniqueIdentifier>
    </Filter>
    <Filter Include="src">
      <UniqueIdentifier>{bb6c862e-70e9-49d9-81b7-3829a6f50471}</UniqueIdentifier>
    </Filter>
    <Filter Include="Classes">
      <UniqueIdentifier>{568dce1d-b403-4587-a8b6-a5f0f36a7119}</UniqueIdentifier>
    </Filter>
    <Filter Include="Classes\Control">
      <UniqueIdentifier>{23168bf5-67c5-4956-bee4-f3b93f0f8b52}</UniqueIdentifier>
    </Filter>
    <Filter Include="Classes\Map">
      <UniqueIdentifier>{e1c4db96-b7d9-41c7-9478-483f8741f6b6}</UniqueIdentifier>
    </Filter>
    <Filter Include="Classes\Person">
      <UniqueIdentifier>{681c5ecd-36a0-48c9-a232-64d8dd5ba6c9}</UniqueIdentifier>
    </Filter>
    <Filter Include="Classes\Setting">
      <UniqueIdentifier>{c4887730-90af-4c30-8e76-b80617f62907}</UniqueIdentifier>
    </Filter>
    <Filter Include="Classes\Store">
      <UniqueIdentifier>{66c758f8-77da-41b2-b1ad-9a229c64ee95}</UniqueIdentifier>
    </Filter>
    <Filter Include="Classes\Cooperation">
      <UniqueIdentifier>{af47008e-1e6e-4491-a966-83b2b1280b00}</UniqueIdentifier>
    </Filter>
    <Filter Include="win32\TotalTools">
      <UniqueIdentifier>{1292c293-2bbc-4946-ba1a-5ffb45d3511c}</UniqueIdentifier>
    </Filter>
  </ItemGroup>
  <ItemGroup>
    <ClCompile Include="main.cpp">
      <Filter>win32</Filter>
    </ClCompile>
    <ClCompile Include="..\Classes\AppDelegate.cpp">
      <Filter>src</Filter>
    </ClCompile>
    <ClCompile Include="..\Classes\HelloWorldScene.cpp">
      <Filter>src</Filter>
    </ClCompile>
    <ClCompile Include=".\Person\action.cpp">
      <Filter>Classes\Person</Filter>
    </ClCompile>
    <ClCompile Include=".\Person\bag.cpp">
      <Filter>Classes\Person</Filter>
    </ClCompile>
    <ClCompile Include=".\Control\GameMain.cpp">
      <Filter>Classes\Control</Filter>
    </ClCompile>
    <ClCompile Include=".\Cooperation\cooperation.cpp">
      <Filter>Classes\Cooperation</Filter>
    </ClCompile>
    <ClCompile Include=".\Map\house.cpp">
      <Filter>Classes\Map</Filter>
    </ClCompile>
    <ClCompile Include=".\Map\map.cpp">
      <Filter>Classes\Map</Filter>
    </ClCompile>
    <ClCompile Include=".\Control\menu.cpp">
      <Filter>Classes\Control</Filter>
    </ClCompile>
    <ClCompile Include=".\Person\move.cpp">
      <Filter>Classes\Person</Filter>
    </ClCompile>
    <ClCompile Include=".\Setting\music.cpp">
      <Filter>Classes\Setting</Filter>
    </ClCompile>
    <ClCompile Include=".\Person\person.cpp">
      <Filter>Classes\Person</Filter>
    </ClCompile>
    <ClCompile Include=".\Map\plough.cpp">
      <Filter>Classes\Map</Filter>
    </ClCompile>
    <ClCompile Include=".\Setting\setting.cpp">
      <Filter>Classes\Setting</Filter>
    </ClCompile>
    <ClCompile Include=".\Setting\sound.cpp">
      <Filter>Classes\Setting</Filter>
    </ClCompile>
    <ClCompile Include=".\Map\stone.cpp">
      <Filter>Classes\Map</Filter>
    </ClCompile>
    <ClCompile Include=".\Store\store.cpp">
      <Filter>Classes\Store</Filter>
    </ClCompile>
    <ClCompile Include=".\Map\sundry.cpp">
      <Filter>Classes\Map</Filter>
    </ClCompile>
    <ClCompile Include="Map\tree.cpp">
      <Filter>Classes\Map</Filter>
    </ClCompile>
    <ClCompile Include="totaltools.cpp">
      <Filter>win32\TotalTools</Filter>
    </ClCompile>
    <ClCompile Include="Control\scene.cpp">
      <Filter>Classes\Control</Filter>
    </ClCompile>
    <ClCompile Include="Control\Time.cpp">
      <Filter>Classes\Control</Filter>
    </ClCompile>
    <ClCompile Include="Map\drop.cpp">
      <Filter>Classes\Map</Filter>
    </ClCompile>

    <ClCompile Include="Control\global.cpp">
      <Filter>Classes\Control</Filter>
    </ClCompile>

    <ClCompile Include="Map\crops.cpp">
      <Filter>Classes\Map</Filter>
    </ClCompile>

  </ItemGroup>
  <ItemGroup>
    <ClInclude Include="main.h">
      <Filter>win32</Filter>
    </ClInclude>
    <ClInclude Include="..\Classes\AppDelegate.h">
      <Filter>src</Filter>
    </ClInclude>
    <ClInclude Include="..\Classes\HelloWorldScene.h">
      <Filter>src</Filter>
    </ClInclude>
    <ClInclude Include="definition.h" />
    <ClInclude Include="Map\tree.h">
      <Filter>Classes\Map</Filter>
    </ClInclude>
    <ClInclude Include="Map\map.h">
      <Filter>Classes\Map</Filter>
    </ClInclude>
    <ClInclude Include="Control\Time.h">
      <Filter>Classes\Control</Filter>
    </ClInclude>
    <ClInclude Include="Map\stone.h">
      <Filter>Classes\Map</Filter>
    </ClInclude>
    <ClInclude Include="Map\object.h">
      <Filter>Classes\Map</Filter>
    </ClInclude>
    <ClInclude Include="Map\drop.h">
      <Filter>Classes\Map</Filter>
    </ClInclude>

    <ClInclude Include="Map\plough.h">
      <Filter>Classes\Map</Filter>
    </ClInclude>
    <ClInclude Include="Map\crops.h">
      <Filter>Classes\Map</Filter>
	</ClInclude>

    <ClInclude Include="Control\scene.h">
      <Filter>Classes</Filter>
    </ClInclude>
    <ClInclude Include="Setting\setting.h">
      <Filter>Classes\Setting</Filter>

    </ClInclude>
    <ClInclude Include="Tools\Totaltools\totaltools.h" />
    <ClInclude Include="global.h">
      <Filter>Classes\Control</Filter>
    </ClInclude>
  </ItemGroup>
  <ItemGroup>
    <ResourceCompile Include="game.rc">
      <Filter>resource</Filter>
    </ResourceCompile>
  </ItemGroup>
</Project>